
Microsoft Visual Studio Solution File, Format Version 12.00
# Visual Studio Version 16
VisualStudioVersion = 16.0.29102.190
MinimumVisualStudioVersion = 10.0.40219.1
Project("{FAE04EC0-301F-11D3-BF4B-00C04F79EFBC}") = "XamCalc.Android", "XamCalc\XamCalc.Android\XamCalc.Android.csproj", "{AA2ADF73-73D9-4990-9DD0-BB77F6CEBC9B}"
EndProject
Project("{FAE04EC0-301F-11D3-BF4B-00C04F79EFBC}") = "XamCalc", "XamCalc\XamCalc\XamCalc.csproj", "{FA027AAD-8DB2-4EFD-9F41-F6AA252F1D54}"
EndProject
Global
	GlobalSection(SolutionConfigurationPlatforms) = preSolution
		Debug|Any CPU = Debug|Any CPU
		Release|Any CPU = Release|Any CPU
	EndGlobalSection
	GlobalSection(ProjectConfigurationPlatforms) = postSolution
		{AA2ADF73-73D9-4990-9DD0-BB77F6CEBC9B}.Debug|Any CPU.ActiveCfg = Debug|Any CPU
		{AA2ADF73-73D9-4990-9DD0-BB77F6CEBC9B}.Debug|Any CPU.Build.0 = Debug|Any CPU
		{AA2ADF73-73D9-4990-9DD0-BB77F6CEBC9B}.Debug|Any CPU.Deploy.0 = Debug|Any CPU
		{AA2ADF73-73D9-4990-9DD0-BB77F6CEBC9B}.Release|Any CPU.ActiveCfg = Release|Any CPU
		{AA2ADF73-73D9-4990-9DD0-BB77F6CEBC9B}.Release|Any CPU.Build.0 = Release|Any CPU
		{AA2ADF73-73D9-4990-9DD0-BB77F6CEBC9B}.Release|Any CPU.Deploy.0 = Release|Any CPU
		{FA027AAD-8DB2-4EFD-9F41-F6AA252F1D54}.Debug|Any CPU.ActiveCfg = Debug|Any CPU
		{FA027AAD-8DB2-4EFD-9F41-F6AA252F1D54}.Debug|Any CPU.Build.0 = Debug|Any CPU
		{FA027AAD-8DB2-4EFD-9F41-F6AA252F1D54}.Debug|Any CPU.Deploy.0 = Debug|Any CPU
		{FA027AAD-8DB2-4EFD-9F41-F6AA252F1D54}.Release|Any CPU.ActiveCfg = Release|Any CPU
		{FA027AAD-8DB2-4EFD-9F41-F6AA252F1D54}.Release|Any CPU.Build.0 = Release|Any CPU
		{FA027AAD-8DB2-4EFD-9F41-F6AA252F1D54}.Release|Any CPU.Deploy.0 = Release|Any CPU
	EndGlobalSection
	GlobalSection(SolutionProperties) = preSolution
		HideSolutionNode = FALSE
	EndGlobalSection
	GlobalSection(ExtensibilityGlobals) = postSolution
		SolutionGuid = {EA4ED8E5-8D69-4D19-9BED-00A4A559C604}
	EndGlobalSection
EndGlobal
